
Microsoft Visual Studio Solution File, Format Version 12.00
# Visual Studio Version 17
VisualStudioVersion = 17.9.34728.123
MinimumVisualStudioVersion = 10.0.40219.1
Project("{9A19103F-16F7-4668-BE54-9A1E7A4F7556}") = "P02_FootballBetting", "P02_FootballBetting\P02_FootballBetting.csproj", "{BF45ACAE-7B9A-41C2-AF40-137A71196AB5}"
EndProject
Project("{9A19103F-16F7-4668-BE54-9A1E7A4F7556}") = "P02_FootballBetting.Data", "P02_FootballBetting.Data\P02_FootballBetting.Data.csproj", "{55186B2E-D45B-4F95-9559-75CD7A76C33F}"
EndProject
Project("{9A19103F-16F7-4668-BE54-9A1E7A4F7556}") = "P02_FootballBetting.Data.Models", "P02_FootballBetting.Data.Models\P02_FootballBetting.Data.Models.csproj", "{AADC7840-786C-4573-B0C1-D2852FEED8F3}"
EndProject
Project("{9A19103F-16F7-4668-BE54-9A1E7A4F7556}") = "P02_FootballBetting.Common", "P02_FootballBetting.Common\P02_FootballBetting.Common.csproj", "{95468840-FCA8-4041-8484-05112E1255B7}"
EndProject
Project("{FAE04EC0-301F-11D3-BF4B-00C04F79EFBC}") = "DatabaseTests", "DatabaseTests\DatabaseTests.csproj", "{EF0FAA0C-0A2C-4A95-A131-76C92CB54AC4}"
EndProject
Global
	GlobalSection(SolutionConfigurationPlatforms) = preSolution
		Debug|Any CPU = Debug|Any CPU
		Release|Any CPU = Release|Any CPU
	EndGlobalSection
	GlobalSection(ProjectConfigurationPlatforms) = postSolution
		{BF45ACAE-7B9A-41C2-AF40-137A71196AB5}.Debug|Any CPU.ActiveCfg = Debug|Any CPU
		{BF45ACAE-7B9A-41C2-AF40-137A71196AB5}.Debug|Any CPU.Build.0 = Debug|Any CPU
		{BF45ACAE-7B9A-41C2-AF40-137A71196AB5}.Release|Any CPU.ActiveCfg = Release|Any CPU
		{BF45ACAE-7B9A-41C2-AF40-137A71196AB5}.Release|Any CPU.Build.0 = Release|Any CPU
		{55186B2E-D45B-4F95-9559-75CD7A76C33F}.Debug|Any CPU.ActiveCfg = Debug|Any CPU
		{55186B2E-D45B-4F95-9559-75CD7A76C33F}.Debug|Any CPU.Build.0 = Debug|Any CPU
		{55186B2E-D45B-4F95-9559-75CD7A76C33F}.Release|Any CPU.ActiveCfg = Release|Any CPU
		{55186B2E-D45B-4F95-9559-75CD7A76C33F}.Release|Any CPU.Build.0 = Release|Any CPU
		{AADC7840-786C-4573-B0C1-D2852FEED8F3}.Debug|Any CPU.ActiveCfg = Debug|Any CPU
		{AADC7840-786C-4573-B0C1-D2852FEED8F3}.Debug|Any CPU.Build.0 = Debug|Any CPU
		{AADC7840-786C-4573-B0C1-D2852FEED8F3}.Release|Any CPU.ActiveCfg = Release|Any CPU
		{AADC7840-786C-4573-B0C1-D2852FEED8F3}.Release|Any CPU.Build.0 = Release|Any CPU
		{95468840-FCA8-4041-8484-05112E1255B7}.Debug|Any CPU.ActiveCfg = Debug|Any CPU
		{95468840-FCA8-4041-8484-05112E1255B7}.Debug|Any CPU.Build.0 = Debug|Any CPU
		{95468840-FCA8-4041-8484-05112E1255B7}.Release|Any CPU.ActiveCfg = Release|Any CPU
		{95468840-FCA8-4041-8484-05112E1255B7}.Release|Any CPU.Build.0 = Release|Any CPU
		{EF0FAA0C-0A2C-4A95-A131-76C92CB54AC4}.Debug|Any CPU.ActiveCfg = Debug|Any CPU
		{EF0FAA0C-0A2C-4A95-A131-76C92CB54AC4}.Debug|Any CPU.Build.0 = Debug|Any CPU
		{EF0FAA0C-0A2C-4A95-A131-76C92CB54AC4}.Release|Any CPU.ActiveCfg = Release|Any CPU
		{EF0FAA0C-0A2C-4A95-A131-76C92CB54AC4}.Release|Any CPU.Build.0 = Release|Any CPU
	EndGlobalSection
	GlobalSection(SolutionProperties) = preSolution
		HideSolutionNode = FALSE
	EndGlobalSection
	GlobalSection(ExtensibilityGlobals) = postSolution
		SolutionGuid = {B13BA085-7C4A-432D-8A65-E5FB9A2E4EB9}
	EndGlobalSection
EndGlobal
